[renv]
Version=0.5.0-105

[R]
Version=3.6.1
Repositories=
	CRAN=https://cloud.r-project.org

[R/Package/assertthat]
Package=assertthat
Version=0.2.1
Source=CRAN
Hash=19fb3d0ad048b4eb1a05cacffbae1f66

[R/Package/backports]
Package=backports
Version=1.1.4
Source=CRAN
Hash=2a78bf0825e0088e117520553ceb7fa5

[R/Package/cli]
Package=cli
Version=1.1.0
Source=CRAN
Hash=9b3dc7798f53ba3050b41ce4a3febdc5

[R/Package/crayon]
Package=crayon
Version=1.3.4
Source=CRAN
Hash=d308ead32010b8e4d76c4690427da50b

[R/Package/digest]
Package=digest
Version=0.6.20
Source=CRAN
Hash=e90f6670040b5aec92425051fc13ac1c

[R/Package/ellipsis]
Package=ellipsis
Version=0.2.0.1
Source=CRAN
Hash=a7a9b2ae023bf012744c480d3388c0c8

[R/Package/fansi]
Package=fansi
Version=0.4.0
Source=CRAN
Hash=cd87b0162287f0da225edfaa2fd3a20c

[R/Package/glue]
Package=glue
Version=1.3.1
Source=CRAN
Hash=e8436e647719b7c9d01409767cd88cc8

[R/Package/magrittr]
Package=magrittr
Version=1.5
Source=CRAN
Hash=dee1d97cffddfd3ed969e224bd0826d0

[R/Package/pillar]
Package=pillar
Version=1.4.2
Source=CRAN
Hash=57645ff795277554eee14df5bcee8025

[R/Package/pkgconfig]
Package=pkgconfig
Version=2.0.2
Source=CRAN
Hash=2dd2d8867e4f0173ea2ce029d630a086

[R/Package/purrr]
Package=purrr
Version=0.3.2
Source=CRAN
Hash=c360ab7eabd6e38a83f2475eb97c6344

[R/Package/rematch2]
Package=rematch2
Version=2.1.0
Source=CRAN
Hash=0f9d491406a99401fdbfd8e8234cf1aa

[R/Package/rlang]
Package=rlang
Version=0.4.0
Source=CRAN
Hash=8f1bf3a54c8844dc254baabba61cb6a9

[R/Package/rprojroot]
Package=rprojroot
Version=1.3-2
Source=CRAN
Hash=5382761b8b318da6dd3fb0f6dae3c43a

[R/Package/styler]
Package=styler
Version=1.1.1
Source=CRAN
Hash=6e523f805ed3a1579acb1935692cd468

[R/Package/tibble]
Package=tibble
Version=2.1.3
Source=CRAN
Hash=a8d41bd284e21ab7e776d228dc5bac91

[R/Package/utf8]
Package=utf8
Version=1.1.4
Source=CRAN
Hash=3f1a5a5b184f63379f8e6c08d5036c53

[R/Package/vctrs]
Package=vctrs
Version=0.2.0
Source=CRAN
Hash=4bdc6a6c4c5a434d880b73817d4ea641

[R/Package/withr]
Package=withr
Version=2.1.2
Source=CRAN
Hash=7c9aef08038f47e6c1532ed574a0e087

[R/Package/xfun]
Package=xfun
Version=0.8
Source=CRAN
Hash=56f4a24b253e08ec48a45ec0eb60653d

[R/Package/zeallot]
Package=zeallot
Version=0.1.0
Source=CRAN
Hash=45d65588b02d47970fc84adecb2ee664

