[renv]
Version=0.5.0-105

[R]
Version=3.5.2
Repositories=
	CRAN=https://cloud.r-project.org

[R/Package/BH]
Package=BH
Version=1.69.0-1
Source=CRAN
Hash=88e64b38758666b85d283617231bb766

[R/Package/DBI]
Package=DBI
Version=1.0.0
Source=CRAN
Hash=5608e5aeeba9ae979e5bfd26ca0835a5

[R/Package/DT]
Package=DT
Version=0.7
Source=CRAN
Hash=4ea9e831c9dd503c08acf9e3712ffdfd

[R/Package/MASS]
Package=MASS
Version=7.3-51.4
Source=CRAN
Hash=a670f645948409d325eddb0b199ed968

[R/Package/Matrix]
Package=Matrix
Version=1.2-17
Source=CRAN
Hash=b2eae6a1a2e206ecc478f3ff9dc98a5e

[R/Package/R6]
Package=R6
Version=2.4.0
Source=CRAN
Hash=d42941d973f7f28b32f694bc89fb9d5f

[R/Package/RColorBrewer]
Package=RColorBrewer
Version=1.1-2
Source=CRAN
Hash=cdfb92174501c241a0d4e13fcac600a4

[R/Package/RSocrata]
Package=RSocrata
Version=1.7.9-5
Source=CRAN
Hash=e613dd5c3f8f0af26d93c76816890d3e

[R/Package/Rcpp]
Package=Rcpp
Version=1.0.1
Source=CRAN
Hash=542a8dbcf371718e4dee591341d28c43

[R/Package/askpass]
Package=askpass
Version=1.1
Source=CRAN
Hash=ff8e30ba3e542c07372fca6de28bce3b

[R/Package/assertthat]
Package=assertthat
Version=0.2.1
Source=CRAN
Hash=263effaa484b1dc3013cf1c1e8f6624e

[R/Package/attempt]
Package=attempt
Version=0.3.0
Source=CRAN
Hash=08301d2b4c3f7bcecbc9d6201912f4d3

[R/Package/backports]
Package=backports
Version=1.1.4
Source=CRAN
Hash=8f863a45c5b6c9ccd5a71988138a48c2

[R/Package/base64enc]
Package=base64enc
Version=0.1-3
Source=CRAN
Hash=eec0d710cee1455ba24eb6ab622a60e9

[R/Package/base64url]
Package=base64url
Version=1.4
Source=CRAN
Hash=7eca44be7111ac485189c40eedb9a11f

[R/Package/broom]
Package=broom
Version=0.5.2
Source=CRAN
Hash=a9d79e24f3ce764752c892f0d5f7f61c

[R/Package/callr]
Package=callr
Version=3.3.0
Source=CRAN
Hash=b17a1ad7a3789c6ae795de986ca82230

[R/Package/cellranger]
Package=cellranger
Version=1.1.0
Source=CRAN
Hash=a6279d19fb8783f899f8dc3edb9a71b0

[R/Package/cli]
Package=cli
Version=1.1.0
Source=CRAN
Hash=c0a5f242aa2259cf7e40da04bb89f5d8

[R/Package/clipr]
Package=clipr
Version=0.6.0
Source=CRAN
Hash=b5c8e6072ef59bb5d2e755f4b249dae0

[R/Package/colorspace]
Package=colorspace
Version=1.4-1
Source=CRAN
Hash=70941d6476af18c149b5b6916f87a7c5

[R/Package/crayon]
Package=crayon
Version=1.3.4
Source=CRAN
Hash=1e93bda8f2b60a0defc85c82a39e2891

[R/Package/crosstalk]
Package=crosstalk
Version=1.0.0
Source=CRAN
Hash=751f5746f428e5c0e453a53dac3c85af

[R/Package/curl]
Package=curl
Version=3.3
Source=CRAN
Hash=921ecc2db7bca3844daaec11fce12e76

[R/Package/data.table]
Package=data.table
Version=1.12.2
Source=CRAN
Hash=cb5169933d3cb61b8ddc01998858c87e

[R/Package/dbplyr]
Package=dbplyr
Version=1.4.2
Source=CRAN
Hash=5dd3bb794dce5f6ce812cb53715de14a

[R/Package/digest]
Package=digest
Version=0.6.20
Source=CRAN
Hash=ee526dc5fbf649c15ce452a474543a4c

[R/Package/dotenv]
Package=dotenv
Version=1.0.2
Source=CRAN
Hash=94a7f07a1f9402cb63f77ce008ca06b2

[R/Package/dplyr]
Package=dplyr
Version=0.8.3
Source=CRAN
Hash=6f5a4e8bdf605cba24dc821dea934dd3

[R/Package/drake]
Package=drake
Version=7.4.0
Source=CRAN
Hash=05292f0d1ef647d1039b9fb4c6312c4d

[R/Package/editData]
Package=editData
Version=0.1.2
Source=CRAN
Hash=0dd16ce2b5abafaa22b08cc224ffff45

[R/Package/ellipsis]
Package=ellipsis
Version=0.2.0.1
Source=CRAN
Hash=0ea3ff470edcd75e63d62f2a140574eb

[R/Package/evaluate]
Package=evaluate
Version=0.14
Source=CRAN
Hash=ea89e41d97c0146c8f6bb068430a7e58

[R/Package/fansi]
Package=fansi
Version=0.4.0
Source=CRAN
Hash=7e8ca3a2d400cbdaf72a602e9833c920

[R/Package/forcats]
Package=forcats
Version=0.4.0
Source=CRAN
Hash=c5d5b0c24161479679cfbf94fba339f4

[R/Package/fs]
Package=fs
Version=1.3.1
Source=CRAN
Hash=110467e48d2be4583fe18d7bdbbc3c54

[R/Package/generics]
Package=generics
Version=0.0.2
Source=CRAN
Hash=c2a574a14f5f45a84ead80391c3075d6

[R/Package/ggplot2]
Package=ggplot2
Version=3.2.0
Source=CRAN
Hash=41060bdf8252bb3511ac908dd3e3d8e3

[R/Package/glue]
Package=glue
Version=1.3.1
Source=CRAN
Hash=156f76da413ebe13f4d7e65ae6a5d19f

[R/Package/gtable]
Package=gtable
Version=0.3.0
Source=CRAN
Hash=120444406cc884baa3a2ff5c0566045b

[R/Package/haven]
Package=haven
Version=2.1.1
Source=CRAN
Hash=8e809e5e3f8d3e71177acfa8a7fdde47

[R/Package/here]
Package=here
Version=0.1
Source=CRAN
Hash=07f70da7018237a1c3ba8f455bdec18d

[R/Package/highr]
Package=highr
Version=0.8
Source=CRAN
Hash=2f5651aef7832e8eea60d3f3add2ffaa

[R/Package/hms]
Package=hms
Version=0.5.0
Source=CRAN
Hash=7e3ebd24ef142be235176ce3ee954515

[R/Package/htmltools]
Package=htmltools
Version=0.3.6
Source=CRAN
Hash=881e91b8b764a550de68ad18a98c05b5

[R/Package/htmlwidgets]
Package=htmlwidgets
Version=1.3
Source=CRAN
Hash=f9779405095eb05656a9aa75e62606cb

[R/Package/httpuv]
Package=httpuv
Version=1.5.1
Source=CRAN
Hash=8e337f2d75bda94fc57a21619f9249fa

[R/Package/httr]
Package=httr
Version=1.4.0
Source=CRAN
Hash=f5dc99b1972d4e9eaf6f5c452339db08

[R/Package/igraph]
Package=igraph
Version=1.2.4.1
Source=CRAN
Hash=dbbcebbdafbe165e33e51e387037c7f7

[R/Package/jsonlite]
Package=jsonlite
Version=1.6
Source=CRAN
Hash=9ec2b2fe0e874a66d0cb54d8ced5618e

[R/Package/knitr]
Package=knitr
Version=1.23
Source=CRAN
Hash=bff7fa162bfd010e8a16015bb5b310cf

[R/Package/labeling]
Package=labeling
Version=0.3
Source=CRAN
Hash=379ec196f3f3bb312727d52b022fa8f9

[R/Package/later]
Package=later
Version=0.8.0
Source=CRAN
Hash=718545eb0b5b354929864914c818ae53

[R/Package/lattice]
Package=lattice
Version=0.20-38
Source=CRAN
Hash=16dfe2407fe485b6a9fb098120008721

[R/Package/lazyeval]
Package=lazyeval
Version=0.2.2
Source=CRAN
Hash=8c343e48c3f58de2c70a641592abc0f1

[R/Package/lubridate]
Package=lubridate
Version=1.7.4
Source=CRAN
Hash=4af93df0d50bb3919de67f36e7d3d00b

[R/Package/magrittr]
Package=magrittr
Version=1.5
Source=CRAN
Hash=cb6367fec3fd68ff41424fe9797b8eaf

[R/Package/markdown]
Package=markdown
Version=1.0
Source=CRAN
Hash=67c928a816f9de8491ed60282608b807

[R/Package/mgcv]
Package=mgcv
Version=1.8-28
Source=CRAN
Hash=7b78c0b314871340c4f56d38e6b66dd5

[R/Package/mime]
Package=mime
Version=0.7
Source=CRAN
Hash=054d829092f3869d99d1ac57e4fe21eb

[R/Package/miniUI]
Package=miniUI
Version=0.1.1.1
Source=CRAN
Hash=78d83c530ce013174ce0cabbe3d743e1

[R/Package/modelr]
Package=modelr
Version=0.1.4
Source=CRAN
Hash=5eae0bb48971866c0bf67a6d2b493f1b

[R/Package/munsell]
Package=munsell
Version=0.5.0
Source=CRAN
Hash=381047af4d6b44ca4d9285dbdea42434

[R/Package/neo4r]
Package=neo4r
Version=0.1.1
Source=CRAN
Hash=561035ce279d9dbc0a783e7e16a79f4a

[R/Package/nlme]
Package=nlme
Version=3.1-140
Source=CRAN
Hash=fd36fd7954be6770cf36524f9a499557

[R/Package/openssl]
Package=openssl
Version=1.4
Source=CRAN
Hash=4557b03dff7c01f4e7cd10020b0667bc

[R/Package/pillar]
Package=pillar
Version=1.4.2
Source=CRAN
Hash=e77703ded3f52254363aa93a29be7b67

[R/Package/pkgconfig]
Package=pkgconfig
Version=2.0.2
Source=CRAN
Hash=47f492c929356d52b15018b5827cf857

[R/Package/plogr]
Package=plogr
Version=0.2.0
Source=CRAN
Hash=4f3b95dcac0fc64e36666ac8e6430fc7

[R/Package/plyr]
Package=plyr
Version=1.8.4
Source=CRAN
Hash=48b2c2a9c4a504ea9167e9252fd9fade

[R/Package/prettyunits]
Package=prettyunits
Version=1.0.2
Source=CRAN
Hash=47d4646a3be22893c04093e8db164989

[R/Package/processx]
Package=processx
Version=3.4.0
Source=CRAN
Hash=aa9028250afc6e1b8f935f0d08573aca

[R/Package/progress]
Package=progress
Version=1.2.2
Source=CRAN
Hash=819ec59e511e26ceed4ebdf272b6671f

[R/Package/promises]
Package=promises
Version=1.0.1
Source=CRAN
Hash=30a46ce3d9fe3958f266181f8c6f541f

[R/Package/ps]
Package=ps
Version=1.3.0
Source=CRAN
Hash=12c6a7e02239401d47599ddc44a484f4

[R/Package/purrr]
Package=purrr
Version=0.3.2
Source=CRAN
Hash=19767ff705a04566e2f396e15ccc1b39

[R/Package/readr]
Package=readr
Version=1.3.1
Source=CRAN
Hash=19e0ffd8bcaff3476349d8787fc8bd59

[R/Package/readxl]
Package=readxl
Version=1.3.1
Source=CRAN
Hash=b0467b5406ee2c29709c4a57cab692d1

[R/Package/rematch]
Package=rematch
Version=1.0.1
Source=CRAN
Hash=d80f39f4db9c537a1def235969d648ea

[R/Package/rematch2]
Package=rematch2
Version=2.1.0
Source=CRAN
Hash=05a1d625cc98a8fef0c3457cf81000e5

[R/Package/reprex]
Package=reprex
Version=0.3.0
Source=CRAN
Hash=99df2b9f9ef2946d5af0910afaf56198

[R/Package/reshape2]
Package=reshape2
Version=1.4.3
Source=CRAN
Hash=a0b8854199dbfa29a71f514b3ffcddf0

[R/Package/rlang]
Package=rlang
Version=0.4.0
Source=CRAN
Hash=e48086a0605a981e1deb719711d4be63

[R/Package/rmarkdown]
Package=rmarkdown
Version=1.14
Source=CRAN
Hash=595f1d29e96ead39e64aba4275f18fed

[R/Package/rprojroot]
Package=rprojroot
Version=1.3-2
Source=CRAN
Hash=75611db569353a873f987f858b6f06dd

[R/Package/rstudioapi]
Package=rstudioapi
Version=0.10
Source=CRAN
Hash=6c03ab57831cbdae14d599151e832e18

[R/Package/rvest]
Package=rvest
Version=0.3.4
Source=CRAN
Hash=a40342e9ea5fd36819a8c8baac506d43

[R/Package/scales]
Package=scales
Version=1.0.0
Source=CRAN
Hash=17cfbe1a4fcc8d0440a2af68d9e07bf4

[R/Package/selectr]
Package=selectr
Version=0.4-1
Source=CRAN
Hash=cc537e333408bb2f0088bc7b20f0e821

[R/Package/shiny]
Package=shiny
Version=1.3.2
Source=CRAN
Hash=f7dd1b66cae0857dd3e07727d5eb7e29

[R/Package/sourcetools]
Package=sourcetools
Version=0.1.7
Source=CRAN
Hash=729278659af88ed36db42f46ccca0ebd

[R/Package/storr]
Package=storr
Version=1.2.1
Source=CRAN
Hash=71c970cb6dd0b923e44f7f009ccf5b81

[R/Package/stringi]
Package=stringi
Version=1.4.3
Source=CRAN
Hash=0472e71f2347e13cd398d5225ff3b0ea

[R/Package/stringr]
Package=stringr
Version=1.4.0
Source=CRAN
Hash=01fb6c8262ac804d9bafa60cea8773da

[R/Package/styler]
Package=styler
Version=1.1.1.9002
Source=GitHub
RemoteType=github
RemoteHost=api.github.com
RemoteRepo=styler
RemoteUsername=r-lib
RemoteRef=master
RemoteSha=6e78f774a4b227b6977fe2805795e9b9f16918ae
Hash=f31bd33627bda489f0cba36183118d60

[R/Package/sys]
Package=sys
Version=3.2
Source=CRAN
Hash=22bf912f5ebfddff8992fdd4d01e9bb4

[R/Package/tibble]
Package=tibble
Version=2.1.3
Source=CRAN
Hash=b28f74376db8b145e247e29e20bb7deb

[R/Package/tidyr]
Package=tidyr
Version=0.8.3
Source=CRAN
Hash=d50a808d7d4c6ef63190fdcf452977ae

[R/Package/tidyselect]
Package=tidyselect
Version=0.2.5
Source=CRAN
Hash=66c1a6de7f98266b76503698f2ca111d

[R/Package/tidyverse]
Package=tidyverse
Version=1.2.1
Source=CRAN
Hash=ea055dfa5ed1e736f1ebacb553cbddbd

[R/Package/tinytex]
Package=tinytex
Version=0.14
Source=CRAN
Hash=6258e1c85dc38c76478b639928f394a0

[R/Package/triebeard]
Package=triebeard
Version=0.3.0
Source=CRAN
Hash=b8269394feccda4dbc3548cfcccfe06f

[R/Package/urltools]
Package=urltools
Version=1.7.3
Source=CRAN
Hash=d3b3d098d854f2b358ed3f63ab453d79

[R/Package/utf8]
Package=utf8
Version=1.1.4
Source=CRAN
Hash=557d1cc1d7b4ff362db5990acc00f2a0

[R/Package/vctrs]
Package=vctrs
Version=0.2.0
Source=CRAN
Hash=eb2ec99368c838ffc1bff7ea427cdd2d

[R/Package/viridisLite]
Package=viridisLite
Version=0.3.0
Source=CRAN
Hash=e62dbc33079a4e2ff7429032f0e46efd

[R/Package/visNetwork]
Package=visNetwork
Version=2.0.7
Source=CRAN
Hash=5e9650ede99c7faf5af7865ec0198810

[R/Package/whisker]
Package=whisker
Version=0.3-2
Source=CRAN
Hash=1e74aefd2c67890f504a1fa2d0834d70

[R/Package/withr]
Package=withr
Version=2.1.2
Source=CRAN
Hash=ce9ffa6d865ecaf6a56cacc811565e07

[R/Package/xfun]
Package=xfun
Version=0.8
Source=CRAN
Hash=a99b2ef415122bd3b7a3719e42daa1e6

[R/Package/xml2]
Package=xml2
Version=1.2.0
Source=CRAN
Hash=fe28830040ea8a0cd9d41749b8f9f715

[R/Package/xtable]
Package=xtable
Version=1.8-4
Source=CRAN
Hash=f0d359dd5e96d72ea5384d7194f54843

[R/Package/yaml]
Package=yaml
Version=2.2.0
Source=CRAN
Hash=e75dfa28ca59a73adfabf6899ce04472

[R/Package/zeallot]
Package=zeallot
Version=0.1.0
Source=CRAN
Hash=c33bb7353728bd4547a079b2c351a021

